{
  "name": "example",
  "version": "1.0.0",
  "lockfileVersion": 2,
  "requires": true,
  "packages": {
    "": {
      "name": "example",
      "version": "1.0.0",
      "license": "ISC",
      "dependencies": {
        "@assezfacile/ffmpeg-wrapper": "^1.0.0"
      }
    },
    "node_modules/@assezfacile/ffmpeg-wrapper": {
      "version": "1.0.0",
      "resolved": "https://registry.npmjs.org/@assezfacile/ffmpeg-wrapper/-/ffmpeg-wrapper-1.0.0.tgz",
      "integrity": "sha512-S8INcmJJx2GcnLZn284lUs5be4kijCHinWjx8ZQw1pQvuRnMJrHNwLG+/H4cTPlVS6wkq1uRy9HoRYomDyK2iw==",
      "dependencies": {
        "any-shell-escape": "^0.1.1"
      },
      "engines": {
        "node": ">=12",
        "npm": ">=6.14"
      }
    },
    "node_modules/any-shell-escape": {
      "version": "0.1.1",
      "resolved": "https://registry.npmjs.org/any-shell-escape/-/any-shell-escape-0.1.1.tgz",
      "integrity": "sha1-1Vq5ciRMcaml4asIefML8RCAaVk="
    }
  },
  "dependencies": {
    "@assezfacile/ffmpeg-wrapper": {
      "version": "1.0.0",
      "resolved": "https://registry.npmjs.org/@assezfacile/ffmpeg-wrapper/-/ffmpeg-wrapper-1.0.0.tgz",
      "integrity": "sha512-S8INcmJJx2GcnLZn284lUs5be4kijCHinWjx8ZQw1pQvuRnMJrHNwLG+/H4cTPlVS6wkq1uRy9HoRYomDyK2iw==",
      "requires": {
        "any-shell-escape": "^0.1.1"
      }
    },
    "any-shell-escape": {
      "version": "0.1.1",
      "resolved": "https://registry.npmjs.org/any-shell-escape/-/any-shell-escape-0.1.1.tgz",
      "integrity": "sha1-1Vq5ciRMcaml4asIefML8RCAaVk="
    }
  }
}
